// !$*UTF8*$!
{
	archiveVersion = 1;
	classes = {
	};
	objectVersion = 46;
	objects = {

/* Begin PBXBuildFile section */
		BA4354D51DAA95C70093AF67 /* main.cpp in Sources */ = {isa = PBXBuildFile; fileRef = BA4354D41DAA95C70093AF67 /* main.cpp */; };
		BA4354DD1DAA964A0093AF67 /* NeuralNetwork.cpp in Sources */ = {isa = PBXBuildFile; fileRef = BA4354DC1DAA964A0093AF67 /* NeuralNetwork.cpp */; };
		BA4354ED1DAA98150093AF67 /* Perceptron.cpp in Sources */ = {isa = PBXBuildFile; fileRef = BA4354EA1DAA98150093AF67 /* Perceptron.cpp */; };
/* End PBXBuildFile section */

/* Begin PBXCopyFilesBuildPhase section */
		BA4354CF1DAA95C70093AF67 /* CopyFiles */ = {
			isa = PBXCopyFilesBuildPhase;
			buildActionMask = 2147483647;
			dstPath = /usr/share/man/man1/;
			dstSubfolderSpec = 0;
			files = (
			);
			runOnlyForDeploymentPostprocessing = 1;
		};
/* End PBXCopyFilesBuildPhase section */

/* Begin PBXFileReference section */
		BA4354D11DAA95C70093AF67 /* NeuralNetwork */ = {isa = PBXFileReference; explicitFileType = "compiled.mach-o.executable"; includeInIndex = 0; path = NeuralNetwork; sourceTree = BUILT_PRODUCTS_DIR; };
		BA4354D41DAA95C70093AF67 /* main.cpp */ = {isa = PBXFileReference; lastKnownFileType = sourcecode.cpp.cpp; path = main.cpp; sourceTree = "<group>"; };
		BA4354DB1DAA963B0093AF67 /* NeuralNetwork.hpp */ = {isa = PBXFileReference; fileEncoding = 4; lastKnownFileType = sourcecode.cpp.h; path = NeuralNetwork.hpp; sourceTree = "<group>"; };
		BA4354DC1DAA964A0093AF67 /* NeuralNetwork.cpp */ = {isa = PBXFileReference; fileEncoding = 4; lastKnownFileType = sourcecode.cpp.cpp; path = NeuralNetwork.cpp; sourceTree = "<group>"; };
		BA4354EA1DAA98150093AF67 /* Perceptron.cpp */ = {isa = PBXFileReference; fileEncoding = 4; lastKnownFileType = sourcecode.cpp.cpp; name = Perceptron.cpp; path = Perceptron/SimpleNN/Perceptron.cpp; sourceTree = "<group>"; };
		BA4354EB1DAA98150093AF67 /* Perceptron.hpp */ = {isa = PBXFileReference; fileEncoding = 4; lastKnownFileType = sourcecode.cpp.h; name = Perceptron.hpp; path = Perceptron/SimpleNN/Perceptron.hpp; sourceTree = "<group>"; };
/* End PBXFileReference section */

/* Begin PBXFrameworksBuildPhase section */
		BA4354CE1DAA95C70093AF67 /* Frameworks */ = {
			isa = PBXFrameworksBuildPhase;
			buildActionMask = 2147483647;
			files = (
			);
			runOnlyForDeploymentPostprocessing = 0;
		};
/* End PBXFrameworksBuildPhase section */

/* Begin PBXGroup section */
		BA4354C81DAA95C70093AF67 = {
			isa = PBXGroup;
			children = (
				BA4354D31DAA95C70093AF67 /* NeuralNetwork */,
				BA4354D21DAA95C70093AF67 /* Products */,
			);
			sourceTree = "<group>";
		};
		BA4354D21DAA95C70093AF67 /* Products */ = {
			isa = PBXGroup;
			children = (
				BA4354D11DAA95C70093AF67 /* NeuralNetwork */,
			);
			name = Products;
			sourceTree = "<group>";
		};
		BA4354D31DAA95C70093AF67 /* NeuralNetwork */ = {
			isa = PBXGroup;
			children = (
				BA4354D41DAA95C70093AF67 /* main.cpp */,
				BA4354EA1DAA98150093AF67 /* Perceptron.cpp */,
				BA4354EB1DAA98150093AF67 /* Perceptron.hpp */,
				BA4354DB1DAA963B0093AF67 /* NeuralNetwork.hpp */,
				BA4354DC1DAA964A0093AF67 /* NeuralNetwork.cpp */,
			);
			path = NeuralNetwork;
			sourceTree = "<group>";
		};
/* End PBXGroup section */

/* Begin PBXNativeTarget section */
		BA4354D01DAA95C70093AF67 /* NeuralNetwork */ = {
			isa = PBXNativeTarget;
			buildConfigurationList = BA4354D81DAA95C70093AF67 /* Build configuration list for PBXNativeTarget "NeuralNetwork" */;
			buildPhases = (
				BA4354CD1DAA95C70093AF67 /* Sources */,
				BA4354CE1DAA95C70093AF67 /* Frameworks */,
				BA4354CF1DAA95C70093AF67 /* CopyFiles */,
			);
			buildRules = (
			);
			dependencies = (
			);
			name = NeuralNetwork;
			productName = NeuralNetwork;
			productReference = BA4354D11DAA95C70093AF67 /* NeuralNetwork */;
			productType = "com.apple.product-type.tool";
		};
/* End PBXNativeTarget section */

/* Begin PBXProject section */
		BA4354C91DAA95C70093AF67 /* Project object */ = {
			isa = PBXProject;
			attributes = {
				LastUpgradeCheck = 0720;
				ORGANIZATIONNAME = ALJ.inc;
				TargetAttributes = {
					BA4354D01DAA95C70093AF67 = {
						CreatedOnToolsVersion = 7.2;
					};
				};
			};
			buildConfigurationList = BA4354CC1DAA95C70093AF67 /* Build configuration list for PBXProject "NeuralNetwork" */;
			compatibilityVersion = "Xcode 3.2";
			developmentRegion = English;
			hasScannedForEncodings = 0;
			knownRegions = (
				en,
			);
			mainGroup = BA4354C81DAA95C70093AF67;
			productRefGroup = BA4354D21DAA95C70093AF67 /* Products */;
			projectDirPath = "";
			projectRoot = "";
			targets = (
				BA4354D01DAA95C70093AF67 /* NeuralNetwork */,
			);
		};
/* End PBXProject section */

/* Begin PBXSourcesBuildPhase section */
		BA4354CD1DAA95C70093AF67 /* Sources */ = {
			isa = PBXSourcesBuildPhase;
			buildActionMask = 2147483647;
			files = (
				BA4354D51DAA95C70093AF67 /* main.cpp in Sources */,
				BA4354ED1DAA98150093AF67 /* Perceptron.cpp in Sources */,
				BA4354DD1DAA964A0093AF67 /* NeuralNetwork.cpp in Sources */,
			);
			runOnlyForDeploymentPostprocessing = 0;
		};
/* End PBXSourcesBuildPhase section */

/* Begin XCBuildConfiguration section */
		BA4354D61DAA95C70093AF67 /* Debug */ = {
			isa = XCBuildConfiguration;
			buildSettings = {
				ALWAYS_SEARCH_USER_PATHS = NO;
				CLANG_CXX_LANGUAGE_STANDARD = "gnu++0x";
				CLANG_CXX_LIBRARY = "libc++";
				CLANG_ENABLE_MODULES = YES;
				CLANG_ENABLE_OBJC_ARC = YES;
				CLANG_WARN_BOOL_CONVERSION = YES;
				CLANG_WARN_CONSTANT_CONVERSION = YES;
				CLANG_WARN_DIRECT_OBJC_ISA_USAGE = YES_ERROR;
				CLANG_WARN_EMPTY_BODY = YES;
				CLANG_WARN_ENUM_CONVERSION = YES;
				CLANG_WARN_INT_CONVERSION = YES;
				CLANG_WARN_OBJC_ROOT_CLASS = YES_ERROR;
				CLANG_WARN_UNREACHABLE_CODE = YES;
				CLANG_WARN__DUPLICATE_METHOD_MATCH = YES;
				CODE_SIGN_IDENTITY = "-";
				COPY_PHASE_STRIP = NO;
				DEBUG_INFORMATION_FORMAT = dwarf;
				ENABLE_STRICT_OBJC_MSGSEND = YES;
				ENABLE_TESTABILITY = YES;
				GCC_C_LANGUAGE_STANDARD = gnu99;
				GCC_DYNAMIC_NO_PIC = NO;
				GCC_NO_COMMON_BLOCKS = YES;
				GCC_OPTIMIZATION_LEVEL = 0;
				GCC_PREPROCESSOR_DEFINITIONS = (
					"DEBUG=1",
					"$(inherited)",
				);
				GCC_WARN_64_TO_32_BIT_CONVERSION = YES;
				GCC_WARN_ABOUT_RETURN_TYPE = YES_ERROR;
				GCC_WARN_UNDECLARED_SELECTOR = YES;
				GCC_WARN_UNINITIALIZED_AUTOS = YES_AGGRESSIVE;
				GCC_WARN_UNUSED_FUNCTION = YES;
				GCC_WARN_UNUSED_VARIABLE = YES;
				MACOSX_DEPLOYMENT_TARGET = 10.11;
				MTL_ENABLE_DEBUG_INFO = YES;
				ONLY_ACTIVE_ARCH = YES;
				SDKROOT = macosx;
			};
			name = Debug;
		};
		BA4354D71DAA95C70093AF67 /* Release */ = {
			isa = XCBuildConfiguration;
			buildSettings = {
				ALWAYS_SEARCH_USER_PATHS = NO;
				CLANG_CXX_LANGUAGE_STANDARD = "gnu++0x";
				CLANG_CXX_LIBRARY = "libc++";
				CLANG_ENABLE_MODULES = YES;
				CLANG_ENABLE_OBJC_ARC = YES;
				CLANG_WARN_BOOL_CONVERSION = YES;
				CLANG_WARN_CONSTANT_CONVERSION = YES;
				CLANG_WARN_DIRECT_OBJC_ISA_USAGE = YES_ERROR;
				CLANG_WARN_EMPTY_BODY = YES;
				CLANG_WARN_ENUM_CONVERSION = YES;
				CLANG_WARN_INT_CONVERSION = YES;
				CLANG_WARN_OBJC_ROOT_CLASS = YES_ERROR;
				CLANG_WARN_UNREACHABLE_CODE = YES;
				CLANG_WARN__DUPLICATE_METHOD_MATCH = YES;
				CODE_SIGN_IDENTITY = "-";
				COPY_PHASE_STRIP = NO;
				DEBUG_INFORMATION_FORMAT = "dwarf-with-dsym";
				ENABLE_NS_ASSERTIONS = NO;
				ENABLE_STRICT_OBJC_MSGSEND = YES;
				GCC_C_LANGUAGE_STANDARD = gnu99;
				GCC_NO_COMMON_BLOCKS = YES;
				GCC_WARN_64_TO_32_BIT_CONVERSION = YES;
				GCC_WARN_ABOUT_RETURN_TYPE = YES_ERROR;
				GCC_WARN_UNDECLARED_SELECTOR = YES;
				GCC_WARN_UNINITIALIZED_AUTOS = YES_AGGRESSIVE;
				GCC_WARN_UNUSED_FUNCTION = YES;
				GCC_WARN_UNUSED_VARIABLE = YES;
				MACOSX_DEPLOYMENT_TARGET = 10.11;
				MTL_ENABLE_DEBUG_INFO = NO;
				SDKROOT = macosx;
			};
			name = Release;
		};
		BA4354D91DAA95C70093AF67 /* Debug */ = {
			isa = XCBuildConfiguration;
			buildSettings = {
				PRODUCT_NAME = "$(TARGET_NAME)";
			};
			name = Debug;
		};
		BA4354DA1DAA95C70093AF67 /* Release */ = {
			isa = XCBuildConfiguration;
			buildSettings = {
				PRODUCT_NAME = "$(TARGET_NAME)";
			};
			name = Release;
		};
/* End XCBuildConfiguration section */

/* Begin XCConfigurationList section */
		BA4354CC1DAA95C70093AF67 /* Build configuration list for PBXProject "NeuralNetwork" */ = {
			isa = XCConfigurationList;
			buildConfigurations = (
				BA4354D61DAA95C70093AF67 /* Debug */,
				BA4354D71DAA95C70093AF67 /* Release */,
			);
			defaultConfigurationIsVisible = 0;
			defaultConfigurationName = Release;
		};
		BA4354D81DAA95C70093AF67 /* Build configuration list for PBXNativeTarget "NeuralNetwork" */ = {
			isa = XCConfigurationList;
			buildConfigurations = (
				BA4354D91DAA95C70093AF67 /* Debug */,
				BA4354DA1DAA95C70093AF67 /* Release */,
			);
			defaultConfigurationIsVisible = 0;
		};
/* End XCConfigurationList section */
	};
	rootObject = BA4354C91DAA95C70093AF67 /* Project object */;
}
